
Microsoft Visual Studio Solution File, Format Version 12.00
# Visual Studio Version 16
VisualStudioVersion = 16.0.30523.141
MinimumVisualStudioVersion = 10.0.40219.1
Project("{FAE04EC0-301F-11D3-BF4B-00C04F79EFBC}") = "Console_PercentualEleicoes", "PercentualEleicoes\Console_PercentualEleicoes.csproj", "{A2E7FA67-8D97-4812-8560-22875AFF4708}"
EndProject
Global
	GlobalSection(SolutionConfigurationPlatforms) = preSolution
		Debug|Any CPU = Debug|Any CPU
		Release|Any CPU = Release|Any CPU
	EndGlobalSection
	GlobalSection(ProjectConfigurationPlatforms) = postSolution
		{A2E7FA67-8D97-4812-8560-22875AFF4708}.Debug|Any CPU.ActiveCfg = Debug|Any CPU
		{A2E7FA67-8D97-4812-8560-22875AFF4708}.Debug|Any CPU.Build.0 = Debug|Any CPU
		{A2E7FA67-8D97-4812-8560-22875AFF4708}.Release|Any CPU.ActiveCfg = Release|Any CPU
		{A2E7FA67-8D97-4812-8560-22875AFF4708}.Release|Any CPU.Build.0 = Release|Any CPU
	EndGlobalSection
	GlobalSection(SolutionProperties) = preSolution
		HideSolutionNode = FALSE
	EndGlobalSection
	GlobalSection(ExtensibilityGlobals) = postSolution
		SolutionGuid = {0EB31832-1965-4337-9E89-C9DF83FD206A}
	EndGlobalSection
EndGlobal
